
Microsoft Visual Studio Solution File, Format Version 12.00
# Visual Studio 15
VisualStudioVersion = 15.0.26124.0
MinimumVisualStudioVersion = 15.0.26124.0
Project("{2150E333-8FDC-42A3-9474-1A3956D46DE8}") = "src", "src", "{9DFC80C5-1283-48A6-A621-A6549AA6471E}"
EndProject
Project("{FAE04EC0-301F-11D3-BF4B-00C04F79EFBC}") = "API", "src\API\API.csproj", "{2F0FF3A5-7DA3-4A64-AC10-4F57097542F5}"
EndProject
Project("{2150E333-8FDC-42A3-9474-1A3956D46DE8}") = "tests", "tests", "{C5E15FAC-B984-4F71-8CC2-6FB2A8BFA633}"
EndProject
Project("{FAE04EC0-301F-11D3-BF4B-00C04F79EFBC}") = "BooksProject.UnitTests", "tests\BooksProject.UnitTests\BooksProject.UnitTests.csproj", "{8DAA5C7E-9ADE-4FCC-AD11-AF631A43D154}"
EndProject
Project("{FAE04EC0-301F-11D3-BF4B-00C04F79EFBC}") = "Persistence", "src\Persistence\Persistence.csproj", "{60A72AC0-82CF-481D-BAC1-9833F9633DA8}"
EndProject
Project("{FAE04EC0-301F-11D3-BF4B-00C04F79EFBC}") = "Domain", "src\Domain\Domain.csproj", "{F38B4C96-7F48-442C-A649-EA9D27346065}"
EndProject
Global
	GlobalSection(SolutionConfigurationPlatforms) = preSolution
		Debug|Any CPU = Debug|Any CPU
		Debug|x64 = Debug|x64
		Debug|x86 = Debug|x86
		Release|Any CPU = Release|Any CPU
		Release|x64 = Release|x64
		Release|x86 = Release|x86
	EndGlobalSection
	GlobalSection(SolutionProperties) = preSolution
		HideSolutionNode = FALSE
	EndGlobalSection
	GlobalSection(ProjectConfigurationPlatforms) = postSolution
		{2F0FF3A5-7DA3-4A64-AC10-4F57097542F5}.Debug|Any CPU.ActiveCfg = Debug|Any CPU
		{2F0FF3A5-7DA3-4A64-AC10-4F57097542F5}.Debug|Any CPU.Build.0 = Debug|Any CPU
		{2F0FF3A5-7DA3-4A64-AC10-4F57097542F5}.Debug|x64.ActiveCfg = Debug|Any CPU
		{2F0FF3A5-7DA3-4A64-AC10-4F57097542F5}.Debug|x64.Build.0 = Debug|Any CPU
		{2F0FF3A5-7DA3-4A64-AC10-4F57097542F5}.Debug|x86.ActiveCfg = Debug|Any CPU
		{2F0FF3A5-7DA3-4A64-AC10-4F57097542F5}.Debug|x86.Build.0 = Debug|Any CPU
		{2F0FF3A5-7DA3-4A64-AC10-4F57097542F5}.Release|Any CPU.ActiveCfg = Release|Any CPU
		{2F0FF3A5-7DA3-4A64-AC10-4F57097542F5}.Release|Any CPU.Build.0 = Release|Any CPU
		{2F0FF3A5-7DA3-4A64-AC10-4F57097542F5}.Release|x64.ActiveCfg = Release|Any CPU
		{2F0FF3A5-7DA3-4A64-AC10-4F57097542F5}.Release|x64.Build.0 = Release|Any CPU
		{2F0FF3A5-7DA3-4A64-AC10-4F57097542F5}.Release|x86.ActiveCfg = Release|Any CPU
		{2F0FF3A5-7DA3-4A64-AC10-4F57097542F5}.Release|x86.Build.0 = Release|Any CPU
		{8DAA5C7E-9ADE-4FCC-AD11-AF631A43D154}.Debug|Any CPU.ActiveCfg = Debug|Any CPU
		{8DAA5C7E-9ADE-4FCC-AD11-AF631A43D154}.Debug|Any CPU.Build.0 = Debug|Any CPU
		{8DAA5C7E-9ADE-4FCC-AD11-AF631A43D154}.Debug|x64.ActiveCfg = Debug|Any CPU
		{8DAA5C7E-9ADE-4FCC-AD11-AF631A43D154}.Debug|x64.Build.0 = Debug|Any CPU
		{8DAA5C7E-9ADE-4FCC-AD11-AF631A43D154}.Debug|x86.ActiveCfg = Debug|Any CPU
		{8DAA5C7E-9ADE-4FCC-AD11-AF631A43D154}.Debug|x86.Build.0 = Debug|Any CPU
		{8DAA5C7E-9ADE-4FCC-AD11-AF631A43D154}.Release|Any CPU.ActiveCfg = Release|Any CPU
		{8DAA5C7E-9ADE-4FCC-AD11-AF631A43D154}.Release|Any CPU.Build.0 = Release|Any CPU
		{8DAA5C7E-9ADE-4FCC-AD11-AF631A43D154}.Release|x64.ActiveCfg = Release|Any CPU
		{8DAA5C7E-9ADE-4FCC-AD11-AF631A43D154}.Release|x64.Build.0 = Release|Any CPU
		{8DAA5C7E-9ADE-4FCC-AD11-AF631A43D154}.Release|x86.ActiveCfg = Release|Any CPU
		{8DAA5C7E-9ADE-4FCC-AD11-AF631A43D154}.Release|x86.Build.0 = Release|Any CPU
		{60A72AC0-82CF-481D-BAC1-9833F9633DA8}.Debug|Any CPU.ActiveCfg = Debug|Any CPU
		{60A72AC0-82CF-481D-BAC1-9833F9633DA8}.Debug|Any CPU.Build.0 = Debug|Any CPU
		{60A72AC0-82CF-481D-BAC1-9833F9633DA8}.Debug|x64.ActiveCfg = Debug|Any CPU
		{60A72AC0-82CF-481D-BAC1-9833F9633DA8}.Debug|x64.Build.0 = Debug|Any CPU
		{60A72AC0-82CF-481D-BAC1-9833F9633DA8}.Debug|x86.ActiveCfg = Debug|Any CPU
		{60A72AC0-82CF-481D-BAC1-9833F9633DA8}.Debug|x86.Build.0 = Debug|Any CPU
		{60A72AC0-82CF-481D-BAC1-9833F9633DA8}.Release|Any CPU.ActiveCfg = Release|Any CPU
		{60A72AC0-82CF-481D-BAC1-9833F9633DA8}.Release|Any CPU.Build.0 = Release|Any CPU
		{60A72AC0-82CF-481D-BAC1-9833F9633DA8}.Release|x64.ActiveCfg = Release|Any CPU
		{60A72AC0-82CF-481D-BAC1-9833F9633DA8}.Release|x64.Build.0 = Release|Any CPU
		{60A72AC0-82CF-481D-BAC1-9833F9633DA8}.Release|x86.ActiveCfg = Release|Any CPU
		{60A72AC0-82CF-481D-BAC1-9833F9633DA8}.Release|x86.Build.0 = Release|Any CPU
		{F38B4C96-7F48-442C-A649-EA9D27346065}.Debug|Any CPU.ActiveCfg = Debug|Any CPU
		{F38B4C96-7F48-442C-A649-EA9D27346065}.Debug|Any CPU.Build.0 = Debug|Any CPU
		{F38B4C96-7F48-442C-A649-EA9D27346065}.Debug|x64.ActiveCfg = Debug|Any CPU
		{F38B4C96-7F48-442C-A649-EA9D27346065}.Debug|x64.Build.0 = Debug|Any CPU
		{F38B4C96-7F48-442C-A649-EA9D27346065}.Debug|x86.ActiveCfg = Debug|Any CPU
		{F38B4C96-7F48-442C-A649-EA9D27346065}.Debug|x86.Build.0 = Debug|Any CPU
		{F38B4C96-7F48-442C-A649-EA9D27346065}.Release|Any CPU.ActiveCfg = Release|Any CPU
		{F38B4C96-7F48-442C-A649-EA9D27346065}.Release|Any CPU.Build.0 = Release|Any CPU
		{F38B4C96-7F48-442C-A649-EA9D27346065}.Release|x64.ActiveCfg = Release|Any CPU
		{F38B4C96-7F48-442C-A649-EA9D27346065}.Release|x64.Build.0 = Release|Any CPU
		{F38B4C96-7F48-442C-A649-EA9D27346065}.Release|x86.ActiveCfg = Release|Any CPU
		{F38B4C96-7F48-442C-A649-EA9D27346065}.Release|x86.Build.0 = Release|Any CPU
	EndGlobalSection
	GlobalSection(NestedProjects) = preSolution
		{2F0FF3A5-7DA3-4A64-AC10-4F57097542F5} = {9DFC80C5-1283-48A6-A621-A6549AA6471E}
		{8DAA5C7E-9ADE-4FCC-AD11-AF631A43D154} = {C5E15FAC-B984-4F71-8CC2-6FB2A8BFA633}
		{60A72AC0-82CF-481D-BAC1-9833F9633DA8} = {9DFC80C5-1283-48A6-A621-A6549AA6471E}
		{F38B4C96-7F48-442C-A649-EA9D27346065} = {9DFC80C5-1283-48A6-A621-A6549AA6471E}
	EndGlobalSection
EndGlobal
